
Microsoft Visual Studio Solution File, Format Version 12.00
# Visual Studio Version 16
VisualStudioVersion = 16.0.31911.196
MinimumVisualStudioVersion = 10.0.40219.1
Project("{FAE04EC0-301F-11D3-BF4B-00C04F79EFBC}") = "Estudo", "Estudo\Estudo.csproj", "{2EFFB64C-9C01-4BFE-A3CE-21E2929DBAF0}"
EndProject
Global
	GlobalSection(SolutionConfigurationPlatforms) = preSolution
		Debug|Any CPU = Debug|Any CPU
		Release|Any CPU = Release|Any CPU
	EndGlobalSection
	GlobalSection(ProjectConfigurationPlatforms) = postSolution
		{2EFFB64C-9C01-4BFE-A3CE-21E2929DBAF0}.Debug|Any CPU.ActiveCfg = Debug|Any CPU
		{2EFFB64C-9C01-4BFE-A3CE-21E2929DBAF0}.Debug|Any CPU.Build.0 = Debug|Any CPU
		{2EFFB64C-9C01-4BFE-A3CE-21E2929DBAF0}.Release|Any CPU.ActiveCfg = Release|Any CPU
		{2EFFB64C-9C01-4BFE-A3CE-21E2929DBAF0}.Release|Any CPU.Build.0 = Release|Any CPU
	EndGlobalSection
	GlobalSection(SolutionProperties) = preSolution
		HideSolutionNode = FALSE
	EndGlobalSection
	GlobalSection(ExtensibilityGlobals) = postSolution
		SolutionGuid = {E0CFC8BA-6D8B-4F89-94DE-B1BFF602ADB4}
	EndGlobalSection
EndGlobal
